github.com/anthonynsimon/bild v0.14.0 h1:IFRkmKdNdqmexXHfEU7rPlAmdUZ8BDZEGtGHDnGWync=
github.com/anthonynsimon/bild v0.14.0/go.mod h1:hcvEAyBjTW69qkKJTfpcDQ83sSZHxwOunsseDfeQhUs=
github.com/coalaura/webp v1.6.3 h1:yfX93vEBGVLE+MMaZW3q4bbu4nDYoKoyAu3z1fV6keg=
github.com/coalaura/webp v1.6.3/go.mod h1:wBAV6t/ugy+Z0n2nStN8clIQghlnvJBtE0O2fLcZLo4=
github.com/coalaura/xbm v0.0.4 h1:B8TKdo44fogAAnpWKSeABqUtspLpnwVlU4lwNYJKXEE=
github.com/coalaura/xbm v0.0.4/go.mod h1:FEAK5clZSXwDFfQbpdPguUclWBKdU7uDvwPAuzVkcPc=
github.com/coalaura/xpm v0.0.3 h1:YFcyhtQKRlLybjn0cOHW3rm3ECowdY5bjF4FEdioHZU=
github.com/coalaura/xpm v0.0.3/go.mod h1:gMMGfp6NVpzOO+dv61vYHXkSP/PI8/1RP2ComR8yrSI=
github.com/davecgh/go-spew v1.1.1 h1:vj9j/u1bqnvCEfJOwUhtlOARqs3+rkHYY13jYWTU97c=
github.com/davecgh/go-spew v1.1.1/go.mod h1:J7Y8YcW2NihsgmVo/mv3lAwl/skON4iLHjSsI+c5H38=
github.com/ebitengine/purego v0.9.1 h1:a/k2f2HQU3Pi399RPW1MOaZyhKJL9w/xFpKAg4q1s0A=
github.com/ebitengine/purego v0.9.1/go.mod h1:iIjxzd6CiRiOG0UyXP+V1+jWqUXVjPKLAI0mRfJZTmQ=
github.com/ftrvxmtrx/tga v0.0.0-20150524081124-bd8e8d5be13a h1:eSqaRmdlZ9JsJ7JuWfDr3ym3monToXRczohBOL+heVQ=
github.com/ftrvxmtrx/tga v0.0.0-20150524081124-bd8e8d5be13a/go.mod h1:US5WvgEHtG+BvWNNs6gk937h0QL2g2x+r7RH8m3g80Y=
github.com/gen2brain/heic v0.4.9 h1:sHM7kjMV2+AlrSfYNsJiD0NrqAJqIMWAOqMSZ0HXrU8=
github.com/gen2brain/heic v0.4.9/go.mod h1:0/0SrVQnUhOA3ekFY5/lApZYniF/DsgS3g9COWe83dM=
github.com/gen2brain/jpegn v0.3.1 h1:A/G0whWuQxBpfSexuwp2lFTF2xPOp1SZ5aMI0a4pV6s=
github.com/gen2brain/jpegn v0.3.1/go.mod h1:YvcVOmVPSAsefH6yn9HBW3uY0EHlZwCMoiJXoAWfgL0=
github.com/gen2brain/jpegxl v0.4.5 h1:TWpVEn5xkIfsswzkjHBArd0Cc9AE0tbjBSoa0jDsrbo=
github.com/gen2brain/jpegxl v0.4.5/go.mod h1:4kWYJ18xCEuO2vzocYdGpeqNJ990/Gjy3uLMg5TBN6I=
github.com/gonutz/xcf v0.0.0-20180404091035-c002b9533d97 h1:DdKf/zTPiJP9GyxSJPRW3UpsKjIXrpEQOOc+N2mXbuE=
github.com/gonutz/xcf v0.0.0-20180404091035-c002b9533d97/go.mod h1:1YB2Y6fvddxaSsiTvGp6+WWg17jt1MKhTwJWnGD1zN4=
github.com/google/go-cmp v0.5.9 h1:O2Tfq5qg4qc4AmwVlvv0oLiVAGB7enBSJ2x2DqQFi38=
github.com/google/go-cmp v0.5.9/go.mod h1:17dUlkBOakJ0+DkrSSNjCkIjxS6bF9zb3elmeNGIjoY=
github.com/gopherjs/gopherjs v1.20.1 h1:22uLWFvVcxhJ+j3dJ99NNfwGyHynxCmjhYsrcwqbY60=
github.com/gopherjs/gopherjs v1.20.1/go.mod h1:h+FTmmLgbXMmmtuZFp9bUqXciN429Wx0sJEJuMnpyfM=
github.com/hullerob/go.farbfeld v0.0.0-20181222022525-3661193c725f h1:1LkiAnH6RhOEbQAcfcEcixM5IsegqFi6IH0Nz0ZGqYs=
github.com/hullerob/go.farbfeld v0.0.0-20181222022525-3661193c725f/go.mod h1:mQEoc766DxPTAwQ54neWTK/lFqIeSO7OU6bqZsceglw=
github.com/kanrichan/resvg-go v0.0.1 h1:qXt/ffAcybitiGxELLm40SQ58IW137Fv8WbN/kaooHY=
github.com/kanrichan/resvg-go v0.0.1/go.mod h1:8duvQiA+s19COisrVUOxxjqNBUvB5y1OUs6P1ujarO0=
github.com/kriticalflare/qoi v0.0.0-20240815192827-34f66f23bcef h1:XHb/eK43B8XuqAO5jHILCXzZP3pBamGmn5PcGjTZTuE=
github.com/kriticalflare/qoi v0.0.0-20240815192827-34f66f23bcef/go.mod h1:skc5Zgfi3XE//1zgGGPC1abynJwsZhFxOiwkCrwL4Z8=
github.com/mdouchement/dng v0.0.0-20230730131840-4066c9106942 h1:UA97jLO4tz9u69BhytirCXKwQhce4FoaUEYj0Sgp/HQ=
github.com/mdouchement/dng v0.0.0-20230730131840-4066c9106942/go.mod h1:pui8xMvtvG4x7qr6cUrto3et8w2np6n9cTLZFpN/ELY=
github.com/oov/psd v0.0.0-20260122084234-c463b6a89e2f h1:67UmABhaufAdSFaRO/wcaTn0XgHWCirjwfFf21ZNPAc=
github.com/oov/psd v0.0.0-20260122084234-c463b6a89e2f/go.mod h1:GHI1bnmAcbp96z6LNfBJvtrjxhaXGkbsk967utPlvL8=
github.com/pmezard/go-difflib v1.0.0 h1:4DBwDE0NGyQoBHbLQYPwSUPoCMWR5BEzIk/f1lZbAQM=
github.com/pmezard/go-difflib v1.0.0/go.mod h1:iKH77koFhYxTK1pcRnkKkqfTogsbg7gZNVY4sRDYZ/4=
github.com/samuel/go-pcx v0.0.0-20260121050006-4794b4f5cc55 h1:zHlX6fWLc4lHoS6yTJ+H4UqJCGvKvtZn25Rwwg2thvs=
github.com/samuel/go-pcx v0.0.0-20260121050006-4794b4f5cc55/go.mod h1:aVIdMQjIgL26FZd2Ikg9i+y6eQR4Mr9bsLCm1TU4EWQ=
github.com/sergeymakinen/go-bmp v1.0.0 h1:SdGTzp9WvCV0A1V0mBeaS7kQAwNLdVJbmHlqNWq0R+M=
github.com/sergeymakinen/go-bmp v1.0.0/go.mod h1:/mxlAQZRLxSvJFNIEGGLBE/m40f3ZnUifpgVDlcUIEY=
github.com/sergeymakinen/go-ico v1.0.0 h1:uL3khgvKkY6WfAetA+RqsguClBuu7HpvBB/nq/Jvr80=
github.com/sergeymakinen/go-ico v1.0.0/go.mod h1:wQ47mTczswBO5F0NoDt7O0IXgnV4Xy3ojrroMQzyhUk=
github.com/spakin/netpbm v1.3.2 h1:ZAb16Sw/+b4QeO9NokEvejVvbrYdF6DdcYJe0dKONL0=
github.com/spakin/netpbm v1.3.2/go.mod h1:cVep9uXARFgAu2UU+0c+OE1J+eKmDN2hW0EN+tazkTA=
github.com/stretchr/testify v1.11.1 h1:7s2iGBzp5EwR7/aIZr8ao5+dra3wiQyKjjFuvgVKu7U=
github.com/stretchr/testify v1.11.1/go.mod h1:wZwfW3scLgRK+23gO65QZefKpKQRnfz6sD981Nm4B6U=
github.com/tetratelabs/wazero v1.11.0 h1:+gKemEuKCTevU4d7ZTzlsvgd1uaToIDtlQlmNbwqYhA=
github.com/tetratelabs/wazero v1.11.0/go.mod h1:eV28rsN8Q+xwjogd7f4/Pp4xFxO7uOGbLcD/LzB1wiU=
github.com/urfave/cli/v3 v3.6.2 h1:lQuqiPrZ1cIz8hz+HcrG0TNZFxU70dPZ3Yl+pSrH9A8=
github.com/urfave/cli/v3 v3.6.2/go.mod h1:ysVLtOEmg2tOy6PknnYVhDoouyC/6N42TMeoMzskhso=
github.com/vegidio/avif-go v0.0.0-20260201182506-481b88104109 h1:wSaWWTqFdViGLGTZLP/nHqeTLmca/3Ypnr+60dJxME8=
github.com/vegidio/avif-go v0.0.0-20260201182506-481b88104109/go.mod h1:/ITCFP53XCH3zFZZLLtPm3jRqsv5CMgefZl4UCuP1rs=
golang.org/x/image v0.35.0 h1:LKjiHdgMtO8z7Fh18nGY6KDcoEtVfsgLDPeLyguqb7I=
golang.org/x/image v0.35.0/go.mod h1:MwPLTVgvxSASsxdLzKrl8BRFuyqMyGhLwmC+TO1Sybk=
golang.org/x/sys v0.40.0 h1:DBZZqJ2Rkml6QMQsZywtnjnnGvHza6BTfYFWY9kjEWQ=
golang.org/x/sys v0.40.0/go.mod h1:OgkHotnGiDImocRcuBABYBEXf8A9a87e/uXjp9XT3ks=
gopkg.in/yaml.v3 v3.0.1 h1:fxVm/GzAzEWqLHuvctI91KS9hhNmmWOoWu0XTYJS7CA=
gopkg.in/yaml.v3 v3.0.1/go.mod h1:K4uyk7z7BCEPqu6E+C64Yfv1cQ7kz7rIZviUmN+EgEM=
gotest.tools/v3 v3.5.2 h1:7koQfIKdy+I8UTetycgUqXWSDwpgv193Ka+qRsmBY8Q=
gotest.tools/v3 v3.5.2/go.mod h1:LtdLGcnqToBH83WByAAi/wiwSFCArdFIUV/xxN4pcjA=
