github.com/biessek/golang-ico v0.0.0-20180326222316-d348d9ea4670 h1:FQPKKjDhzG0T4ew6dm6MGrXb4PRAi8ZmTuYuxcF62BM=
github.com/biessek/golang-ico v0.0.0-20180326222316-d348d9ea4670/go.mod h1:iRWAFbKXMMkVQyxZ1PfGlkBr1TjATx1zy2MRprV7A3Q=
github.com/coalaura/arguments v1.5.0 h1:apdZXxINepy8qCHYKJYEnLHvV6VbYgsIMPbZCWZAPQY=
github.com/coalaura/arguments v1.5.0/go.mod h1:F5cdI+Gn1qi5K6qqvAdxdTD2TXkny+gTKU0o6NN1MlU=
github.com/coalaura/arguments v1.5.1 h1:Gc7uODI3WlcVxmQpxoUQF7Y2j3EMDpSlVqhmGMtLC8Q=
github.com/coalaura/arguments v1.5.1/go.mod h1:F5cdI+Gn1qi5K6qqvAdxdTD2TXkny+gTKU0o6NN1MlU=
github.com/coalaura/arguments v1.5.2 h1:hRLKo6XmAzCDOS/unCUVAIYl3WU/i6QX59nBh0T31cw=
github.com/coalaura/arguments v1.5.2/go.mod h1:F5cdI+Gn1qi5K6qqvAdxdTD2TXkny+gTKU0o6NN1MlU=
github.com/ebitengine/purego v0.7.1 h1:6/55d26lG3o9VCZX8lping+bZcmShseiqlh2bnUDiPA=
github.com/ebitengine/purego v0.7.1/go.mod h1:ah1In8AOtksoNK6yk5z1HTJeUkC1Ez4Wk2idgGslMwQ=
github.com/gen2brain/avif v0.3.2 h1:XUR0CBl5n4ISFJE8/pc1RMEKt5KUVoW8InctN+M7+DQ=
github.com/gen2brain/avif v0.3.2/go.mod h1:tdL2sV6oOJXBZZvT5iP55VEM1X2c3/yJmYKMJTl8fXg=
github.com/gen2brain/heic v0.3.1 h1:ClY5YTdXdIanw7pe9ZVUM9XcsqH6CCCa5CZBlm58qOs=
github.com/gen2brain/heic v0.3.1/go.mod h1:m2sVIf02O7wfO8mJm+PvE91lnq4QYJy2hseUon7So10=
github.com/gen2brain/jpegxl v0.3.1 h1:QAcs68WXQUQRABPVu5p5MineuqfqnVd/JRiI+s7AEE4=
github.com/gen2brain/jpegxl v0.3.1/go.mod h1:jLh4Fl9QaHkc1RsOJu4S2r20x+gSzjnuM+K8jOm4DEo=
github.com/gen2brain/webp v0.4.5 h1:wolsWSKnYfnYaWUtGLx3EfXhLWVvVx9yZGof+JNGYgY=
github.com/gen2brain/webp v0.4.5/go.mod h1:giUCZaJt7D8ae9AjSq4gC3QKUuA9SD8LZy0o2zcWxMI=
github.com/jsummers/gobmp v0.0.0-20230614200233-a9de23ed2e25 h1:YLvr1eE6cdCqjOe972w/cYF+FjW34v27+9Vo5106B4M=
github.com/jsummers/gobmp v0.0.0-20230614200233-a9de23ed2e25/go.mod h1:kLgvv7o6UM+0QSf0QjAse3wReFDsb9qbZJdfexWlrQw=
github.com/tetratelabs/wazero v1.8.0 h1:iEKu0d4c2Pd+QSRieYbnQC9yiFlMS9D+Jr0LsRmcF4g=
github.com/tetratelabs/wazero v1.8.0/go.mod h1:yAI0XTsMBhREkM/YDAK/zNou3GoiAce1P6+rp/wQhjs=
golang.org/x/image v0.20.0 h1:7cVCUjQwfL18gyBJOmYvptfSHS8Fb3YUDtfLIZ7Nbpw=
golang.org/x/image v0.20.0/go.mod h1:0a88To4CYVBAHp5FXJm8o7QbUl37Vd85ply1vyD8auM=
golang.org/x/sys v0.25.0 h1:r+8e+loiHxRqhXVl6ML1nO3l1+oFoWbnlu2Ehimmi34=
golang.org/x/sys v0.25.0/go.mod h1:/VUhepiaJMQUp4+oa/7Zr1D23ma6VTLIYjOOTFZPUcA=
